
Microsoft Visual Studio Solution File, Format Version 12.00
# Visual Studio Version 17
VisualStudioVersion = 17.14.36511.14 d17.14
MinimumVisualStudioVersion = 10.0.40219.1
Project("{FAE04EC0-301F-11D3-BF4B-00C04F79EFBC}") = "AreaManager", "AreaManager.csproj", "{B836C0AE-0F27-4E26-A45B-2B2F8DE3F2A6}"
EndProject
Global
	GlobalSection(SolutionConfigurationPlatforms) = preSolution
		Debug|Any CPU = Debug|Any CPU
		Release|Any CPU = Release|Any CPU
	EndGlobalSection
	GlobalSection(ProjectConfigurationPlatforms) = postSolution
		{B836C0AE-0F27-4E26-A45B-2B2F8DE3F2A6}.Debug|Any CPU.ActiveCfg = Debug|Any CPU
		{B836C0AE-0F27-4E26-A45B-2B2F8DE3F2A6}.Debug|Any CPU.Build.0 = Debug|Any CPU
		{B836C0AE-0F27-4E26-A45B-2B2F8DE3F2A6}.Release|Any CPU.ActiveCfg = Release|Any CPU
		{B836C0AE-0F27-4E26-A45B-2B2F8DE3F2A6}.Release|Any CPU.Build.0 = Release|Any CPU
	EndGlobalSection
	GlobalSection(SolutionProperties) = preSolution
		HideSolutionNode = FALSE
	EndGlobalSection
	GlobalSection(ExtensibilityGlobals) = postSolution
		SolutionGuid = {0DB65C9A-3E5E-40AA-91A9-78920EB824B1}
	EndGlobalSection
EndGlobal
